
Microsoft Visual Studio Solution File, Format Version 12.00
# Visual Studio Version 17
VisualStudioVersion = 17.9.34728.123
MinimumVisualStudioVersion = 10.0.40219.1
Project("{2150E333-8FDC-42A3-9474-1A3956D46DE8}") = "Domain", "Domain", "{CEAD6DB2-67C4-4414-A57D-29DD1D3B0769}"
EndProject
Project("{2150E333-8FDC-42A3-9474-1A3956D46DE8}") = "EventBus", "EventBus", "{9A77744C-14C2-41F0-8A22-03220E6A0E03}"
EndProject
Project("{2150E333-8FDC-42A3-9474-1A3956D46DE8}") = "IoC", "IoC", "{77A26C28-1A4E-4E94-9F47-351FEDFADB33}"
EndProject
Project("{2150E333-8FDC-42A3-9474-1A3956D46DE8}") = "Microservices", "Microservices", "{9080C4B4-366C-45ED-AE5D-2313F371BF28}"
EndProject
Project("{9A19103F-16F7-4668-BE54-9A1E7A4F7556}") = "Taller.Microservices.Domain", "Taller.Microservices.Domain\Taller.Microservices.Domain.csproj", "{2A1891EA-49EA-44D2-8415-C4A7CF78BC06}"
EndProject
Project("{9A19103F-16F7-4668-BE54-9A1E7A4F7556}") = "Taller.Microservices.EventBus", "Taller.Microservices.EventBus\Taller.Microservices.EventBus.csproj", "{EA801546-D261-4905-83E5-A47933DD9B09}"
EndProject
Project("{9A19103F-16F7-4668-BE54-9A1E7A4F7556}") = "Taller.Microservices.IoC", "Taller.Microservices.IoC\Taller.Microservices.IoC.csproj", "{0E8BFC7E-238F-4C64-91C5-BA7F0C261454}"
EndProject
Project("{2150E333-8FDC-42A3-9474-1A3956D46DE8}") = "Product", "Product", "{AD9C038C-41B7-4C15-ABAA-D61A5B8161AE}"
EndProject
Project("{2150E333-8FDC-42A3-9474-1A3956D46DE8}") = "Payment", "Payment", "{5B708A93-0BE9-4201-9F2F-CADF5405E277}"
EndProject
Project("{2150E333-8FDC-42A3-9474-1A3956D46DE8}") = "Domain", "Domain", "{EEDF3078-92A3-4D5B-9872-770CBD6E7508}"
EndProject
Project("{2150E333-8FDC-42A3-9474-1A3956D46DE8}") = "Application", "Application", "{5C42F3BE-8FB9-4274-89F1-BFDFE80EABE2}"
EndProject
Project("{2150E333-8FDC-42A3-9474-1A3956D46DE8}") = "Infrastructure", "Infrastructure", "{0C77095D-4E94-4275-90CD-38EEB3446C4A}"
EndProject
Project("{2150E333-8FDC-42A3-9474-1A3956D46DE8}") = "Api", "Api", "{F1AC05E6-8D49-4DE8-A87D-44EA3183CE9E}"
EndProject
Project("{9A19103F-16F7-4668-BE54-9A1E7A4F7556}") = "Microservice.Product.Domain", "Microservices.Product.Domain\Microservice.Product.Domain.csproj", "{E27D9555-E449-4626-B405-36718EEB3F79}"
EndProject
Project("{9A19103F-16F7-4668-BE54-9A1E7A4F7556}") = "Microservice.Product.Infrastructure", "Microservice.Product.Infrastructure\Microservice.Product.Infrastructure.csproj", "{CD2B5D70-7BB1-4AE1-8846-A9AC1574194F}"
EndProject
Project("{9A19103F-16F7-4668-BE54-9A1E7A4F7556}") = "Microservice.Product.Api", "Microservice.Product.Api\Microservice.Product.Api.csproj", "{8511C201-CDF3-4847-8672-BB7546493C9E}"
EndProject
Project("{9A19103F-16F7-4668-BE54-9A1E7A4F7556}") = "Microservice.Product.Application", "Microservices.Product.Application\Microservice.Product.Application.csproj", "{9E041BAE-D538-4A06-893D-044EBDD29709}"
EndProject
Project("{E53339B2-1760-4266-BCC7-CA923CBCF16C}") = "docker-compose", "docker-compose.dcproj", "{EC6EE9A1-86F3-4C20-A7CF-904B337E7345}"
EndProject
Project("{2150E333-8FDC-42A3-9474-1A3956D46DE8}") = "Tests", "Tests", "{BC33887C-3239-4F34-A038-04C9F5DAD339}"
EndProject
Project("{9A19103F-16F7-4668-BE54-9A1E7A4F7556}") = "Microservice.Product.Tests", "Microservice.Product.Tests\Microservice.Product.Tests.csproj", "{A0C36171-C3DA-4E12-B036-F048E43DC8E2}"
EndProject
Project("{FAE04EC0-301F-11D3-BF4B-00C04F79EFBC}") = "Microservice.Payment.Api", "Microservice.Payment.Api\Microservice.Payment.Api.csproj", "{92BD4302-AC4A-4FEA-8606-E0AA36D2CC1A}"
EndProject
Global
	GlobalSection(SolutionConfigurationPlatforms) = preSolution
		Debug|Any CPU = Debug|Any CPU
		Release|Any CPU = Release|Any CPU
	EndGlobalSection
	GlobalSection(ProjectConfigurationPlatforms) = postSolution
		{2A1891EA-49EA-44D2-8415-C4A7CF78BC06}.Debug|Any CPU.ActiveCfg = Debug|Any CPU
		{2A1891EA-49EA-44D2-8415-C4A7CF78BC06}.Debug|Any CPU.Build.0 = Debug|Any CPU
		{2A1891EA-49EA-44D2-8415-C4A7CF78BC06}.Release|Any CPU.ActiveCfg = Release|Any CPU
		{2A1891EA-49EA-44D2-8415-C4A7CF78BC06}.Release|Any CPU.Build.0 = Release|Any CPU
		{EA801546-D261-4905-83E5-A47933DD9B09}.Debug|Any CPU.ActiveCfg = Debug|Any CPU
		{EA801546-D261-4905-83E5-A47933DD9B09}.Debug|Any CPU.Build.0 = Debug|Any CPU
		{EA801546-D261-4905-83E5-A47933DD9B09}.Release|Any CPU.ActiveCfg = Release|Any CPU
		{EA801546-D261-4905-83E5-A47933DD9B09}.Release|Any CPU.Build.0 = Release|Any CPU
		{0E8BFC7E-238F-4C64-91C5-BA7F0C261454}.Debug|Any CPU.ActiveCfg = Debug|Any CPU
		{0E8BFC7E-238F-4C64-91C5-BA7F0C261454}.Debug|Any CPU.Build.0 = Debug|Any CPU
		{0E8BFC7E-238F-4C64-91C5-BA7F0C261454}.Release|Any CPU.ActiveCfg = Release|Any CPU
		{0E8BFC7E-238F-4C64-91C5-BA7F0C261454}.Release|Any CPU.Build.0 = Release|Any CPU
		{E27D9555-E449-4626-B405-36718EEB3F79}.Debug|Any CPU.ActiveCfg = Debug|Any CPU
		{E27D9555-E449-4626-B405-36718EEB3F79}.Debug|Any CPU.Build.0 = Debug|Any CPU
		{E27D9555-E449-4626-B405-36718EEB3F79}.Release|Any CPU.ActiveCfg = Release|Any CPU
		{E27D9555-E449-4626-B405-36718EEB3F79}.Release|Any CPU.Build.0 = Release|Any CPU
		{CD2B5D70-7BB1-4AE1-8846-A9AC1574194F}.Debug|Any CPU.ActiveCfg = Debug|Any CPU
		{CD2B5D70-7BB1-4AE1-8846-A9AC1574194F}.Debug|Any CPU.Build.0 = Debug|Any CPU
		{CD2B5D70-7BB1-4AE1-8846-A9AC1574194F}.Release|Any CPU.ActiveCfg = Release|Any CPU
		{CD2B5D70-7BB1-4AE1-8846-A9AC1574194F}.Release|Any CPU.Build.0 = Release|Any CPU
		{8511C201-CDF3-4847-8672-BB7546493C9E}.Debug|Any CPU.ActiveCfg = Debug|Any CPU
		{8511C201-CDF3-4847-8672-BB7546493C9E}.Debug|Any CPU.Build.0 = Debug|Any CPU
		{8511C201-CDF3-4847-8672-BB7546493C9E}.Release|Any CPU.ActiveCfg = Release|Any CPU
		{8511C201-CDF3-4847-8672-BB7546493C9E}.Release|Any CPU.Build.0 = Release|Any CPU
		{9E041BAE-D538-4A06-893D-044EBDD29709}.Debug|Any CPU.ActiveCfg = Debug|Any CPU
		{9E041BAE-D538-4A06-893D-044EBDD29709}.Debug|Any CPU.Build.0 = Debug|Any CPU
		{9E041BAE-D538-4A06-893D-044EBDD29709}.Release|Any CPU.ActiveCfg = Release|Any CPU
		{9E041BAE-D538-4A06-893D-044EBDD29709}.Release|Any CPU.Build.0 = Release|Any CPU
		{EC6EE9A1-86F3-4C20-A7CF-904B337E7345}.Debug|Any CPU.ActiveCfg = Debug|Any CPU
		{EC6EE9A1-86F3-4C20-A7CF-904B337E7345}.Debug|Any CPU.Build.0 = Debug|Any CPU
		{EC6EE9A1-86F3-4C20-A7CF-904B337E7345}.Release|Any CPU.ActiveCfg = Release|Any CPU
		{EC6EE9A1-86F3-4C20-A7CF-904B337E7345}.Release|Any CPU.Build.0 = Release|Any CPU
		{A0C36171-C3DA-4E12-B036-F048E43DC8E2}.Debug|Any CPU.ActiveCfg = Debug|Any CPU
		{A0C36171-C3DA-4E12-B036-F048E43DC8E2}.Debug|Any CPU.Build.0 = Debug|Any CPU
		{A0C36171-C3DA-4E12-B036-F048E43DC8E2}.Release|Any CPU.ActiveCfg = Release|Any CPU
		{A0C36171-C3DA-4E12-B036-F048E43DC8E2}.Release|Any CPU.Build.0 = Release|Any CPU
		{92BD4302-AC4A-4FEA-8606-E0AA36D2CC1A}.Debug|Any CPU.ActiveCfg = Debug|Any CPU
		{92BD4302-AC4A-4FEA-8606-E0AA36D2CC1A}.Debug|Any CPU.Build.0 = Debug|Any CPU
		{92BD4302-AC4A-4FEA-8606-E0AA36D2CC1A}.Release|Any CPU.ActiveCfg = Release|Any CPU
		{92BD4302-AC4A-4FEA-8606-E0AA36D2CC1A}.Release|Any CPU.Build.0 = Release|Any CPU
	EndGlobalSection
	GlobalSection(SolutionProperties) = preSolution
		HideSolutionNode = FALSE
	EndGlobalSection
	GlobalSection(NestedProjects) = preSolution
		{2A1891EA-49EA-44D2-8415-C4A7CF78BC06} = {CEAD6DB2-67C4-4414-A57D-29DD1D3B0769}
		{EA801546-D261-4905-83E5-A47933DD9B09} = {9A77744C-14C2-41F0-8A22-03220E6A0E03}
		{0E8BFC7E-238F-4C64-91C5-BA7F0C261454} = {77A26C28-1A4E-4E94-9F47-351FEDFADB33}
		{AD9C038C-41B7-4C15-ABAA-D61A5B8161AE} = {9080C4B4-366C-45ED-AE5D-2313F371BF28}
		{5B708A93-0BE9-4201-9F2F-CADF5405E277} = {9080C4B4-366C-45ED-AE5D-2313F371BF28}
		{EEDF3078-92A3-4D5B-9872-770CBD6E7508} = {AD9C038C-41B7-4C15-ABAA-D61A5B8161AE}
		{5C42F3BE-8FB9-4274-89F1-BFDFE80EABE2} = {AD9C038C-41B7-4C15-ABAA-D61A5B8161AE}
		{0C77095D-4E94-4275-90CD-38EEB3446C4A} = {AD9C038C-41B7-4C15-ABAA-D61A5B8161AE}
		{F1AC05E6-8D49-4DE8-A87D-44EA3183CE9E} = {AD9C038C-41B7-4C15-ABAA-D61A5B8161AE}
		{E27D9555-E449-4626-B405-36718EEB3F79} = {EEDF3078-92A3-4D5B-9872-770CBD6E7508}
		{CD2B5D70-7BB1-4AE1-8846-A9AC1574194F} = {0C77095D-4E94-4275-90CD-38EEB3446C4A}
		{8511C201-CDF3-4847-8672-BB7546493C9E} = {F1AC05E6-8D49-4DE8-A87D-44EA3183CE9E}
		{9E041BAE-D538-4A06-893D-044EBDD29709} = {5C42F3BE-8FB9-4274-89F1-BFDFE80EABE2}
		{BC33887C-3239-4F34-A038-04C9F5DAD339} = {AD9C038C-41B7-4C15-ABAA-D61A5B8161AE}
		{A0C36171-C3DA-4E12-B036-F048E43DC8E2} = {BC33887C-3239-4F34-A038-04C9F5DAD339}
		{92BD4302-AC4A-4FEA-8606-E0AA36D2CC1A} = {5B708A93-0BE9-4201-9F2F-CADF5405E277}
	EndGlobalSection
	GlobalSection(ExtensibilityGlobals) = postSolution
		SolutionGuid = {5B09CAB7-DDF9-4D4C-86FC-FD6398218580}
	EndGlobalSection
EndGlobal
